
Microsoft Visual Studio Solution File, Format Version 12.00
# Visual Studio Version 16
VisualStudioVersion = 16.0.32002.261
MinimumVisualStudioVersion = 10.0.40219.1
Project("{FAE04EC0-301F-11D3-BF4B-00C04F79EFBC}") = "Peeters_Sam_r049890", "Peeters_Sam_r049890\Peeters_Sam_r049890.csproj", "{60F856E4-1D00-42F6-9B63-62EBE9725C47}"
EndProject
Global
	GlobalSection(SolutionConfigurationPlatforms) = preSolution
		Debug|Any CPU = Debug|Any CPU
		Release|Any CPU = Release|Any CPU
	EndGlobalSection
	GlobalSection(ProjectConfigurationPlatforms) = postSolution
		{60F856E4-1D00-42F6-9B63-62EBE9725C47}.Debug|Any CPU.ActiveCfg = Debug|Any CPU
		{60F856E4-1D00-42F6-9B63-62EBE9725C47}.Debug|Any CPU.Build.0 = Debug|Any CPU
		{60F856E4-1D00-42F6-9B63-62EBE9725C47}.Release|Any CPU.ActiveCfg = Release|Any CPU
		{60F856E4-1D00-42F6-9B63-62EBE9725C47}.Release|Any CPU.Build.0 = Release|Any CPU
	EndGlobalSection
	GlobalSection(SolutionProperties) = preSolution
		HideSolutionNode = FALSE
	EndGlobalSection
	GlobalSection(ExtensibilityGlobals) = postSolution
		SolutionGuid = {3E29D360-32F0-4324-BC0B-AE7F5DA46023}
	EndGlobalSection
EndGlobal
